
Microsoft Visual Studio Solution File, Format Version 12.00
# Visual Studio Version 17
VisualStudioVersion = 17.8.34525.116
MinimumVisualStudioVersion = 10.0.40219.1
Project("{FAE04EC0-301F-11D3-BF4B-00C04F79EFBC}") = "AdvancedAjax", "AdvancedAjax\AdvancedAjax.csproj", "{6B40436C-63A5-4FDC-AE29-27C0C9BC643C}"
EndProject
Project("{FAE04EC0-301F-11D3-BF4B-00C04F79EFBC}") = "AdvancedAjaxHandsOn", "AdvancedAjaxHandsOn\AdvancedAjaxHandsOn.csproj", "{43A9B9FE-C4FC-4723-87F8-32624D8880C6}"
EndProject
Global
	GlobalSection(SolutionConfigurationPlatforms) = preSolution
		Debug|Any CPU = Debug|Any CPU
		Release|Any CPU = Release|Any CPU
	EndGlobalSection
	GlobalSection(ProjectConfigurationPlatforms) = postSolution
		{6B40436C-63A5-4FDC-AE29-27C0C9BC643C}.Debug|Any CPU.ActiveCfg = Debug|Any CPU
		{6B40436C-63A5-4FDC-AE29-27C0C9BC643C}.Debug|Any CPU.Build.0 = Debug|Any CPU
		{6B40436C-63A5-4FDC-AE29-27C0C9BC643C}.Release|Any CPU.ActiveCfg = Release|Any CPU
		{6B40436C-63A5-4FDC-AE29-27C0C9BC643C}.Release|Any CPU.Build.0 = Release|Any CPU
		{43A9B9FE-C4FC-4723-87F8-32624D8880C6}.Debug|Any CPU.ActiveCfg = Debug|Any CPU
		{43A9B9FE-C4FC-4723-87F8-32624D8880C6}.Debug|Any CPU.Build.0 = Debug|Any CPU
		{43A9B9FE-C4FC-4723-87F8-32624D8880C6}.Release|Any CPU.ActiveCfg = Release|Any CPU
		{43A9B9FE-C4FC-4723-87F8-32624D8880C6}.Release|Any CPU.Build.0 = Release|Any CPU
	EndGlobalSection
	GlobalSection(SolutionProperties) = preSolution
		HideSolutionNode = FALSE
	EndGlobalSection
	GlobalSection(ExtensibilityGlobals) = postSolution
		SolutionGuid = {136FE355-9621-491E-A00F-D154841ED3C7}
	EndGlobalSection
EndGlobal
